
Microsoft Visual Studio Solution File, Format Version 12.00
# Visual Studio 15
VisualStudioVersion = 15.0.28307.1738
MinimumVisualStudioVersion = 10.0.40219.1
Project("{FAE04EC0-301F-11D3-BF4B-00C04F79EFBC}") = "asp.net", "asp.net\asp.net.csproj", "{AAAEC8C0-DBBF-4B51-ADBE-6A662A8169DA}"
EndProject
Global
	GlobalSection(SolutionConfigurationPlatforms) = preSolution
		Debug|Any CPU = Debug|Any CPU
		Release|Any CPU = Release|Any CPU
	EndGlobalSection
	GlobalSection(ProjectConfigurationPlatforms) = postSolution
		{AAAEC8C0-DBBF-4B51-ADBE-6A662A8169DA}.Debug|Any CPU.ActiveCfg = Debug|Any CPU
		{AAAEC8C0-DBBF-4B51-ADBE-6A662A8169DA}.Debug|Any CPU.Build.0 = Debug|Any CPU
		{AAAEC8C0-DBBF-4B51-ADBE-6A662A8169DA}.Release|Any CPU.ActiveCfg = Release|Any CPU
		{AAAEC8C0-DBBF-4B51-ADBE-6A662A8169DA}.Release|Any CPU.Build.0 = Release|Any CPU
	EndGlobalSection
	GlobalSection(SolutionProperties) = preSolution
		HideSolutionNode = FALSE
	EndGlobalSection
	GlobalSection(ExtensibilityGlobals) = postSolution
		SolutionGuid = {F352F871-424C-4579-8FC2-C23BFB75CA71}
	EndGlobalSection
EndGlobal
